
Microsoft Visual Studio Solution File, Format Version 12.00
# Visual Studio Version 17
VisualStudioVersion = 17.14.36301.6
MinimumVisualStudioVersion = 10.0.40219.1
Project("{8BC9CEB8-8B4A-11D0-8D11-00A0C91BC942}") = "Peggle_Change_Resolution_Mod", "Peggle_Change_Resolution_Mod.vcxproj", "{F3D0DECB-D7AB-443B-A55A-268E632B1B28}"
EndProject
Project("{8BC9CEB8-8B4A-11D0-8D11-00A0C91BC942}") = "ddraw", "..\ddraw\ddraw.vcxproj", "{399F8A1C-498D-4FC7-8FD4-A26B2725DE7B}"
EndProject
Global
	GlobalSection(SolutionConfigurationPlatforms) = preSolution
		Debug|x64 = Debug|x64
		Debug|x86 = Debug|x86
		Release|x64 = Release|x64
		Release|x86 = Release|x86
	EndGlobalSection
	GlobalSection(ProjectConfigurationPlatforms) = postSolution
		{F3D0DECB-D7AB-443B-A55A-268E632B1B28}.Debug|x64.ActiveCfg = Release|Win32
		{F3D0DECB-D7AB-443B-A55A-268E632B1B28}.Debug|x64.Build.0 = Release|Win32
		{F3D0DECB-D7AB-443B-A55A-268E632B1B28}.Debug|x86.ActiveCfg = Release|Win32
		{F3D0DECB-D7AB-443B-A55A-268E632B1B28}.Debug|x86.Build.0 = Release|Win32
		{F3D0DECB-D7AB-443B-A55A-268E632B1B28}.Release|x64.ActiveCfg = Release|x64
		{F3D0DECB-D7AB-443B-A55A-268E632B1B28}.Release|x64.Build.0 = Release|x64
		{F3D0DECB-D7AB-443B-A55A-268E632B1B28}.Release|x86.ActiveCfg = Release|Win32
		{F3D0DECB-D7AB-443B-A55A-268E632B1B28}.Release|x86.Build.0 = Release|Win32
		{399F8A1C-498D-4FC7-8FD4-A26B2725DE7B}.Debug|x64.ActiveCfg = Debug|x64
		{399F8A1C-498D-4FC7-8FD4-A26B2725DE7B}.Debug|x64.Build.0 = Debug|x64
		{399F8A1C-498D-4FC7-8FD4-A26B2725DE7B}.Debug|x86.ActiveCfg = Debug|Win32
		{399F8A1C-498D-4FC7-8FD4-A26B2725DE7B}.Debug|x86.Build.0 = Debug|Win32
		{399F8A1C-498D-4FC7-8FD4-A26B2725DE7B}.Release|x64.ActiveCfg = Release|x64
		{399F8A1C-498D-4FC7-8FD4-A26B2725DE7B}.Release|x64.Build.0 = Release|x64
		{399F8A1C-498D-4FC7-8FD4-A26B2725DE7B}.Release|x86.ActiveCfg = Release|Win32
		{399F8A1C-498D-4FC7-8FD4-A26B2725DE7B}.Release|x86.Build.0 = Release|Win32
	EndGlobalSection
	GlobalSection(SolutionProperties) = preSolution
		HideSolutionNode = FALSE
	EndGlobalSection
	GlobalSection(ExtensibilityGlobals) = postSolution
		SolutionGuid = {6E22A086-AF73-495A-94FB-EF9EE9AD4D46}
	EndGlobalSection
EndGlobal
